
Microsoft Visual Studio Solution File, Format Version 12.00
# Visual Studio Version 16
VisualStudioVersion = 25.0.1706.4
MinimumVisualStudioVersion = 10.0.40219.1
Project("{FAE04EC0-301F-11D3-BF4B-00C04F79EFBC}") = "Week2", "Week2\Week2.csproj", "{11E531C6-6434-4049-B02F-A7914E668EE7}"
EndProject
Project("{FAE04EC0-301F-11D3-BF4B-00C04F79EFBC}") = "UserGenderValidation", "UserGenderValidation\UserGenderValidation.csproj", "{28E0F216-67C1-450F-9851-3F7EC79C3A94}"
EndProject
Project("{FAE04EC0-301F-11D3-BF4B-00C04F79EFBC}") = "UserAgeValidation", "UserAgeValidation\UserAgeValidation.csproj", "{CD4A572F-3EB1-4AE1-B1A7-5CBA5DFBEB3F}"
EndProject
Global
	GlobalSection(SolutionConfigurationPlatforms) = preSolution
		Debug|Any CPU = Debug|Any CPU
		Release|Any CPU = Release|Any CPU
	EndGlobalSection
	GlobalSection(ProjectConfigurationPlatforms) = postSolution
		{11E531C6-6434-4049-B02F-A7914E668EE7}.Debug|Any CPU.ActiveCfg = Debug|Any CPU
		{11E531C6-6434-4049-B02F-A7914E668EE7}.Debug|Any CPU.Build.0 = Debug|Any CPU
		{11E531C6-6434-4049-B02F-A7914E668EE7}.Release|Any CPU.ActiveCfg = Release|Any CPU
		{11E531C6-6434-4049-B02F-A7914E668EE7}.Release|Any CPU.Build.0 = Release|Any CPU
		{28E0F216-67C1-450F-9851-3F7EC79C3A94}.Debug|Any CPU.ActiveCfg = Debug|Any CPU
		{28E0F216-67C1-450F-9851-3F7EC79C3A94}.Debug|Any CPU.Build.0 = Debug|Any CPU
		{28E0F216-67C1-450F-9851-3F7EC79C3A94}.Release|Any CPU.ActiveCfg = Release|Any CPU
		{28E0F216-67C1-450F-9851-3F7EC79C3A94}.Release|Any CPU.Build.0 = Release|Any CPU
		{CD4A572F-3EB1-4AE1-B1A7-5CBA5DFBEB3F}.Debug|Any CPU.ActiveCfg = Debug|Any CPU
		{CD4A572F-3EB1-4AE1-B1A7-5CBA5DFBEB3F}.Debug|Any CPU.Build.0 = Debug|Any CPU
		{CD4A572F-3EB1-4AE1-B1A7-5CBA5DFBEB3F}.Release|Any CPU.ActiveCfg = Release|Any CPU
		{CD4A572F-3EB1-4AE1-B1A7-5CBA5DFBEB3F}.Release|Any CPU.Build.0 = Release|Any CPU
	EndGlobalSection
	GlobalSection(SolutionProperties) = preSolution
		HideSolutionNode = FALSE
	EndGlobalSection
	GlobalSection(ExtensibilityGlobals) = postSolution
		SolutionGuid = {A45CF597-D91F-42A3-9613-6A4938C88A5D}
	EndGlobalSection
EndGlobal
